# THIS IS AN AUTOGENERATED FILE. DO NOT EDIT THIS FILE DIRECTLY.
# yarn lockfile v1


collect-mentions@^1.0.2:
  version "1.0.2"
  resolved "https://registry.yarnpkg.com/collect-mentions/-/collect-mentions-1.0.2.tgz#30734fcb33cbf8999cf7fd6d9c3133045f0b4dcc"
  integrity sha512-/jRhzWp5bkZnvgtR+agXT0RvYKBXOl4uG+eKA6ip3tp1x+jRAV36jW2TceKutOeuEPjHKaQ6DJjeh5zvZF0fWQ==
  dependencies:
    mentions-regex "^2.0.3"

dedent@^0.7.0:
  version "0.7.0"
  resolved "https://registry.yarnpkg.com/dedent/-/dedent-0.7.0.tgz#2495ddbaf6eb874abb0e1be9df22d2e5a544326c"
  integrity sha1-JJXduvbrh0q7Dhvp3yLS5aVEMmw=

esm@^3.0.84:
  version "3.0.84"
  resolved "https://registry.yarnpkg.com/esm/-/esm-3.0.84.tgz#bb108989f4673b32d4f62406869c28eed3815a63"
  integrity sha512-SzSGoZc17S7P+12R9cg21Bdb7eybX25RnIeRZ80xZs+VZ3kdQKzqTp2k4hZJjR7p9l0186TTXSgrxzlMDBktlw==

mentions-regex@^2.0.3:
  version "2.0.3"
  resolved "https://registry.yarnpkg.com/mentions-regex/-/mentions-regex-2.0.3.tgz#442717a0048e53c2d2e2ae5e63a4e54a55ca9603"
  integrity sha1-RCcXoASOU8LS4q5eY6TlSlXKlgM=

mixin-deep@^2.0.0:
  version "2.0.0"
  resolved "https://registry.yarnpkg.com/mixin-deep/-/mixin-deep-2.0.0.tgz#9dfd525156720ec6cbee14fcb4b968253ba358ee"
  integrity sha512-2tAhDtV+OCFCeknyf2cJD5rD+xfvM2ax/RZ3iI1G67Eh6x5UxKJlGDVpmCX27y7WvuXpAkMHQs9ooaxIHIit+A==

parse-commit-message@^3.2.0:
  version "3.2.3"
  resolved "https://registry.yarnpkg.com/parse-commit-message/-/parse-commit-message-3.2.3.tgz#96a0b2e3fb295aece355d3a8bd326b6a6f555372"
  integrity sha512-JujCvCYUrjhmaRHb2AuzR9mAos9JE/5+ZftAaFoGtPhoJ9KNQcgx6JtrWGmGFkVjfky5qTBRjzJeFZla1Po0/A==
  dependencies:
    collect-mentions "^1.0.2"
    dedent "^0.7.0"
    esm "^3.0.84"
    mixin-deep "^2.0.0"
